{
  "lockfileVersion": 1,
  "configVersion": 1,
  "workspaces": {
    "": {
      "name": "mnemo",
    },
    "packages/chain": {
      "name": "@mnemo/chain",
      "version": "0.0.1",
      "dependencies": {
        "@effect/platform": "^0.94.1",
        "@mnemo/dvdefi": "workspace:*",
        "effect": "^3.19.14",
        "voltaire-effect": "^1.0.1",
      },
      "devDependencies": {
        "bun-types": "latest",
        "typescript": "^5.7",
      },
    },
    "packages/core": {
      "name": "@mnemo/core",
      "version": "0.0.1",
      "dependencies": {
        "@effect/ai": "^0.33.2",
        "@effect/experimental": "^0.58.0",
        "@effect/platform": "^0.94.1",
        "@mnemo/verity": "workspace:*",
        "effect": "^3.19.14",
      },
      "devDependencies": {
        "bun-types": "latest",
        "typescript": "^5.7",
      },
    },
    "packages/dvdefi": {
      "name": "@mnemo/dvdefi",
      "version": "0.0.1",
      "dependencies": {
        "@effect/platform": "^0.94.1",
        "effect": "^3.19.14",
      },
      "devDependencies": {
        "bun-types": "latest",
        "typescript": "^5.7",
      },
    },
    "packages/harness": {
      "name": "@mnemo/harness",
      "version": "0.0.1",
      "dependencies": {
        "@effect/ai": "^0.33.2",
        "@effect/ai-openai": "^0.37.2",
        "@effect/experimental": "^0.58.0",
        "@effect/platform": "^0.94.1",
        "@mnemo/core": "workspace:*",
        "@mnemo/venice": "workspace:*",
        "@mnemo/verity": "workspace:*",
        "effect": "^3.19.14",
      },
      "devDependencies": {
        "bun-types": "latest",
        "typescript": "^5.7",
      },
    },
    "packages/researcher": {
      "name": "@mnemo/researcher",
      "version": "0.0.1",
      "dependencies": {
        "@effect/ai": "^0.33.2",
        "@effect/experimental": "^0.58.0",
        "@effect/platform": "^0.94.1",
        "@effect/rpc": "^0.73.0",
        "@mnemo/chain": "workspace:*",
        "@mnemo/core": "workspace:*",
        "@mnemo/dvdefi": "workspace:*",
        "@mnemo/harness": "workspace:*",
        "@mnemo/verifier": "workspace:*",
        "@mnemo/verity": "workspace:*",
        "effect": "^3.19.14",
      },
      "devDependencies": {
        "bun-types": "latest",
        "typescript": "^5.7",
      },
    },
    "packages/venice": {
      "name": "@mnemo/venice",
      "version": "0.1.0",
      "dependencies": {
        "@effect/ai": "^0.33.2",
        "@effect/platform": "^0.94.5",
        "@noble/curves": "^2.0.1",
        "@noble/hashes": "^2.0.1",
        "effect": "^3.19.14",
      },
      "devDependencies": {
        "bun-types": "latest",
      },
    },
    "packages/verifier": {
      "name": "@mnemo/verifier",
      "version": "0.0.1",
      "dependencies": {
        "@effect/ai": "^0.33.2",
        "@effect/ai-openai": "^0.37.2",
        "@effect/platform": "^0.94.1",
        "@mnemo/dvdefi": "workspace:*",
        "@mnemo/harness": "workspace:*",
        "@mnemo/verity": "workspace:*",
        "effect": "^3.19.14",
      },
      "devDependencies": {
        "bun-types": "latest",
        "typescript": "^5.7",
      },
    },
    "packages/verity": {
      "name": "@mnemo/verity",
      "version": "0.0.1",
      "dependencies": {
        "@effect/platform": "^0.94.1",
        "@tevm/voltaire": "0.4.0",
        "effect": "^3.19.14",
        "voltaire-effect": "^1.0.1",
      },
      "devDependencies": {
        "bun-types": "latest",
        "typescript": "^5.7",
      },
    },
    "packages/web": {
      "name": "@mnemo/web",
      "version": "0.0.1",
      "dependencies": {
        "@effect/ai": "^0.33.2",
        "@effect/experimental": "^0.58.0",
        "@effect/platform": "^0.94.1",
        "@effect/platform-bun": "^0.59.0",
        "@effect/rpc": "^0.73.0",
        "@mnemo/chain": "workspace:*",
        "@mnemo/core": "workspace:*",
        "@mnemo/dvdefi": "workspace:*",
        "@mnemo/harness": "workspace:*",
        "@mnemo/verifier": "workspace:*",
        "@tanstack/react-query": "^5.94.5",
        "effect": "^3.19.14",
        "react": "^19.0.0",
        "react-dom": "^19.0.0",
      },
      "devDependencies": {
        "@types/react": "^19.0.0",
        "@types/react-dom": "^19.0.0",
        "bun-plugin-tailwind": "^0.1.2",
        "bun-types": "latest",
        "tailwindcss": "^4.0.0",
        "typescript": "^5.7",
      },
    },
  },
  "packages": {
    "@adraffy/ens-normalize": ["@adraffy/ens-normalize@1.11.1", "", {}, "sha512-nhCBV3quEgesuf7c7KYfperqSS14T8bYuvJ8PcLJp6znkZpFc0AuW4qBtr8eKVyPPe/8RSr7sglCWPU5eaxwKQ=="],

    "@codemirror/autocomplete": ["@codemirror/autocomplete@6.20.1", "", { "dependencies": { "@codemirror/language": "^6.0.0", "@codemirror/state": "^6.0.0", "@codemirror/view": "^6.17.0", "@lezer/common": "^1.0.0" } }, "sha512-1cvg3Vz1dSSToCNlJfRA2WSI4ht3K+WplO0UMOgmUYPivCyy2oueZY6Lx7M9wThm7SDUBViRmuT+OG/i8+ON9A=="],

    "@codemirror/commands": ["@codemirror/commands@6.10.3", "", { "dependencies": { "@codemirror/language": "^6.0.0", "@codemirror/state": "^6.6.0", "@codemirror/view": "^6.27.0", "@lezer/common": "^1.1.0" } }, "sha512-JFRiqhKu+bvSkDLI+rUhJwSxQxYb759W5GBezE8Uc8mHLqC9aV/9aTC7yJSqCtB3F00pylrLCwnyS91Ap5ej4Q=="],

    "@codemirror/lang-css": ["@codemirror/lang-css@6.3.1", "", { "dependencies": { "@codemirror/autocomplete": "^6.0.0", "@codemirror/language": "^6.0.0", "@codemirror/state": "^6.0.0", "@lezer/common": "^1.0.2", "@lezer/css": "^1.1.7" } }, "sha512-kr5fwBGiGtmz6l0LSJIbno9QrifNMUusivHbnA1H6Dmqy4HZFte3UAICix1VuKo0lMPKQr2rqB+0BkKi/S3Ejg=="],

    "@codemirror/lang-html": ["@codemirror/lang-html@6.4.11", "", { "dependencies": { "@codemirror/autocomplete": "^6.0.0", "@codemirror/lang-css": "^6.0.0", "@codemirror/lang-javascript": "^6.0.0", "@codemirror/language": "^6.4.0", "@codemirror/state": "^6.0.0", "@codemirror/view": "^6.17.0", "@lezer/common": "^1.0.0", "@lezer/css": "^1.1.0", "@lezer/html": "^1.3.12" } }, "sha512-9NsXp7Nwp891pQchI7gPdTwBuSuT3K65NGTHWHNJ55HjYcHLllr0rbIZNdOzas9ztc1EUVBlHou85FFZS4BNnw=="],

    "@codemirror/lang-javascript": ["@codemirror/lang-javascript@6.2.5", "", { "dependencies": { "@codemirror/autocomplete": "^6.0.0", "@codemirror/language": "^6.6.0", "@codemirror/lint": "^6.0.0", "@codemirror/state": "^6.0.0", "@codemirror/view": "^6.17.0", "@lezer/common": "^1.0.0", "@lezer/javascript": "^1.0.0" } }, "sha512-zD4e5mS+50htS7F+TYjBPsiIFGanfVqg4HyUz6WNFikgOPf2BgKlx+TQedI1w6n/IqRBVBbBWmGFdLB/7uxO4A=="],

    "@codemirror/language": ["@codemirror/language@6.12.2", "", { "dependencies": { "@codemirror/state": "^6.0.0", "@codemirror/view": "^6.23.0", "@lezer/common": "^1.5.0", "@lezer/highlight": "^1.0.0", "@lezer/lr": "^1.0.0", "style-mod": "^4.0.0" } }, "sha512-jEPmz2nGGDxhRTg3lTpzmIyGKxz3Gp3SJES4b0nAuE5SWQoKdT5GoQ69cwMmFd+wvFUhYirtDTr0/DRHpQAyWg=="],

    "@codemirror/lint": ["@codemirror/lint@6.9.5", "", { "dependencies": { "@codemirror/state": "^6.0.0", "@codemirror/view": "^6.35.0", "crelt": "^1.0.5" } }, "sha512-GElsbU9G7QT9xXhpUg1zWGmftA/7jamh+7+ydKRuT0ORpWS3wOSP0yT1FOlIZa7mIJjpVPipErsyvVqB9cfTFA=="],

    "@codemirror/state": ["@codemirror/state@6.6.0", "", { "dependencies": { "@marijn/find-cluster-break": "^1.0.0" } }, "sha512-4nbvra5R5EtiCzr9BTHiTLc+MLXK2QGiAVYMyi8PkQd3SR+6ixar/Q/01Fa21TBIDOZXgeWV4WppsQolSreAPQ=="],

    "@codemirror/view": ["@codemirror/view@6.40.0", "", { "dependencies": { "@codemirror/state": "^6.6.0", "crelt": "^1.0.6", "style-mod": "^4.1.0", "w3c-keyname": "^2.2.4" } }, "sha512-WA0zdU7xfF10+5I3HhUUq3kqOx3KjqmtQ9lqZjfK7jtYk4G72YW9rezcSywpaUMCWOMlq+6E0pO1IWg1TNIhtg=="],

    "@codesandbox/nodebox": ["@codesandbox/nodebox@0.1.8", "", { "dependencies": { "outvariant": "^1.4.0", "strict-event-emitter": "^0.4.3" } }, "sha512-2VRS6JDSk+M+pg56GA6CryyUSGPjBEe8Pnae0QL3jJF1mJZJVMDKr93gJRtBbLkfZN6LD/DwMtf+2L0bpWrjqg=="],

    "@codesandbox/sandpack-client": ["@codesandbox/sandpack-client@2.19.8", "", { "dependencies": { "@codesandbox/nodebox": "0.1.8", "buffer": "^6.0.3", "dequal": "^2.0.2", "mime-db": "^1.52.0", "outvariant": "1.4.0", "static-browser-server": "1.0.3" } }, "sha512-CMV4nr1zgKzVpx4I3FYvGRM5YT0VaQhALMW9vy4wZRhEyWAtJITQIqZzrTGWqB1JvV7V72dVEUCUPLfYz5hgJQ=="],

    "@codesandbox/sandpack-react": ["@codesandbox/sandpack-react@2.20.0", "", { "dependencies": { "@codemirror/autocomplete": "^6.4.0", "@codemirror/commands": "^6.1.3", "@codemirror/lang-css": "^6.0.1", "@codemirror/lang-html": "^6.4.0", "@codemirror/lang-javascript": "^6.1.2", "@codemirror/language": "^6.3.2", "@codemirror/state": "^6.2.0", "@codemirror/view": "^6.7.1", "@codesandbox/sandpack-client": "^2.19.8", "@lezer/highlight": "^1.1.3", "@react-hook/intersection-observer": "^3.1.1", "@stitches/core": "^1.2.6", "anser": "^2.1.1", "clean-set": "^1.1.2", "dequal": "^2.0.2", "escape-carriage": "^1.3.1", "lz-string": "^1.4.4", "react-devtools-inline": "4.4.0", "react-is": "^17.0.2" }, "peerDependencies": { "react": "^16.8.0 || ^17 || ^18 || ^19", "react-dom": "^16.8.0 || ^17 || ^18 || ^19" } }, "sha512-takd1YpW/PMQ6KPQfvseWLHWklJovGY8QYj8MtWnskGKbjOGJ6uZfyZbcJ6aCFLQMpNyjTqz9AKNbvhCOZ1TUQ=="],

    "@effect/ai": ["@effect/ai@0.33.2", "", { "dependencies": { "find-my-way-ts": "^0.1.6" }, "peerDependencies": { "@effect/experimental": "^0.58.0", "@effect/platform": "^0.94.1", "@effect/rpc": "^0.73.0", "effect": "^3.19.14" } }, "sha512-iJ6pz9qiKFXhcnriJJSBQ5+Bz3oEg+6hVQ7OPmmTa0dVkKUPIgX9nHqHfstcwLnDfdXBj/zCl79U+iMpGtQBnA=="],

    "@effect/ai-openai": ["@effect/ai-openai@0.37.2", "", { "dependencies": { "gpt-tokenizer": "^2.9.0" }, "peerDependencies": { "@effect/ai": "^0.33.2", "@effect/experimental": "^0.58.0", "@effect/platform": "^0.94.1", "effect": "^3.19.14" } }, "sha512-1yTkFdJVexcraIF5ChGBOiXyjOeluti1g9AMPFBzo5ZWZWirbWs6t17dn7SamG6RYbXwRPicVA9vGAXmxgzrsQ=="],

    "@effect/cluster": ["@effect/cluster@0.56.4", "", { "dependencies": { "kubernetes-types": "^1.30.0" }, "peerDependencies": { "@effect/platform": "^0.94.5", "@effect/rpc": "^0.73.1", "@effect/sql": "^0.49.0", "@effect/workflow": "^0.16.0", "effect": "^3.19.17" } }, "sha512-7Je5/JlbZOlsSxsbKjr97dJed2cNGWsb+TLNgMcr5mRDbcWlFOTUGvsrisEJV6waosYLIg+2omPdvnvRoYKdhA=="],

    "@effect/experimental": ["@effect/experimental@0.58.0", "", { "dependencies": { "uuid": "^11.0.3" }, "peerDependencies": { "@effect/platform": "^0.94.0", "effect": "^3.19.13", "ioredis": "^5", "lmdb": "^3" }, "optionalPeers": ["ioredis", "lmdb"] }, "sha512-IEP9sapjF6rFy5TkoqDPc86st/fnqUfjT7Xa3pWJrFGr1hzaMXHo+mWsYOZS9LAOVKnpHuVziDK97EP5qsCHVA=="],

    "@effect/platform": ["@effect/platform@0.94.5", "", { "dependencies": { "find-my-way-ts": "^0.1.6", "msgpackr": "^1.11.4", "multipasta": "^0.2.7" }, "peerDependencies": { "effect": "^3.19.17" } }, "sha512-z05APUiDDPbodhTkH/RJqOLoCU11bU2IZLfcwLFrld03+ob1VeqRnELQlmueLIYm6NZifHAtjl32V+GRt34y4A=="],

    "@effect/platform-browser": ["@effect/platform-browser@0.74.0", "", { "dependencies": { "multipasta": "^0.2.7" }, "peerDependencies": { "@effect/platform": "^0.94.0", "effect": "^3.19.13" } }, "sha512-PAgkg5L5cASQpScA0SZTSy543MVA4A9kmpVCjo2fCINLRpTeuCFAOQHgPmw8dKHnYS0yGs2TYn7AlrhhqQ5o3g=="],

    "@effect/platform-bun": ["@effect/platform-bun@0.59.4", "", { "dependencies": { "@effect/platform-node-shared": "^0.29.4", "multipasta": "^0.2.5" }, "peerDependencies": { "@effect/platform": "^0.79.4", "effect": "^3.13.12" } }, "sha512-s5INgmlLPuqf8ejzzuShLi7gafKrrHBnMN4kkeJDhicoOVjs3SQg0sK6p7hXb1yyc6bouYxfEhTyy11SHktcFA=="],

    "@effect/platform-node": ["@effect/platform-node@0.104.1", "", { "dependencies": { "@effect/platform-node-shared": "^0.57.1", "mime": "^3.0.0", "undici": "^7.10.0", "ws": "^8.18.2" }, "peerDependencies": { "@effect/cluster": "^0.56.1", "@effect/platform": "^0.94.2", "@effect/rpc": "^0.73.0", "@effect/sql": "^0.49.0", "effect": "^3.19.15" } }, "sha512-jT1a/z98niK6fnEU8pWHPPCdJMVDRCIdB65lolcOjse5rsTwVbczMjvKkhVQpF63mNWoOnol7OTRNkw5L54llg=="],

    "@effect/platform-node-shared": ["@effect/platform-node-shared@0.29.4", "", { "dependencies": { "@parcel/watcher": "^2.4.1", "multipasta": "^0.2.5" }, "peerDependencies": { "@effect/platform": "^0.79.4", "effect": "^3.13.12" } }, "sha512-aycDBrXY7aqPaRExF8eRBduqwh/mEyYHx+4WbkxEIsEKG09nPAnBhVEfrCACGXAKvOMGCpvur5QPy8raDywYUg=="],

    "@effect/rpc": ["@effect/rpc@0.73.2", "", { "dependencies": { "msgpackr": "^1.11.4" }, "peerDependencies": { "@effect/platform": "^0.94.5", "effect": "^3.19.18" } }, "sha512-td7LHDgBOYKg+VgGWEelD8rSAmvjXz7am17vfxZROX5qIYuvH7drL/z4p5xQFadhHZ7DYdlFpqdO9ggc77OCIw=="],

    "@effect/sql": ["@effect/sql@0.49.0", "", { "dependencies": { "uuid": "^11.0.3" }, "peerDependencies": { "@effect/experimental": "^0.58.0", "@effect/platform": "^0.94.0", "effect": "^3.19.13" } }, "sha512-9UEKR+z+MrI/qMAmSvb/RiD9KlgIazjZUCDSpwNgm0lEK9/Q6ExEyfziiYFVCPiptp52cBw8uBHRic8hHnwqXA=="],

    "@effect/workflow": ["@effect/workflow@0.16.0", "", { "peerDependencies": { "@effect/experimental": "^0.58.0", "@effect/platform": "^0.94.0", "@effect/rpc": "^0.73.0", "effect": "^3.19.13" } }, "sha512-MiAdlxx3TixkgHdbw+Yf1Z3tHAAE0rOQga12kIydJqj05Fnod+W/I+kQGRMY/XWRg+QUsVxhmh1qTr7Ype6lrw=="],

    "@lezer/common": ["@lezer/common@1.5.1", "", {}, "sha512-6YRVG9vBkaY7p1IVxL4s44n5nUnaNnGM2/AckNgYOnxTG2kWh1vR8BMxPseWPjRNpb5VtXnMpeYAEAADoRV1Iw=="],

    "@lezer/css": ["@lezer/css@1.3.2", "", { "dependencies": { "@lezer/common": "^1.2.0", "@lezer/highlight": "^1.0.0", "@lezer/lr": "^1.3.0" } }, "sha512-tRZAPl1j0pkmPL/pGG85GAbyQYnYv0j6UEdEt5e4ZYvp+OxDu2zVp2c/YddiuO8ZTa2CHsVELqRd/fGWjlISrg=="],

    "@lezer/highlight": ["@lezer/highlight@1.2.3", "", { "dependencies": { "@lezer/common": "^1.3.0" } }, "sha512-qXdH7UqTvGfdVBINrgKhDsVTJTxactNNxLk7+UMwZhU13lMHaOBlJe9Vqp907ya56Y3+ed2tlqzys7jDkTmW0g=="],

    "@lezer/html": ["@lezer/html@1.3.13", "", { "dependencies": { "@lezer/common": "^1.2.0", "@lezer/highlight": "^1.0.0", "@lezer/lr": "^1.0.0" } }, "sha512-oI7n6NJml729m7pjm9lvLvmXbdoMoi2f+1pwSDJkl9d68zGr7a9Btz8NdHTGQZtW2DA25ybeuv/SyDb9D5tseg=="],

    "@lezer/javascript": ["@lezer/javascript@1.5.4", "", { "dependencies": { "@lezer/common": "^1.2.0", "@lezer/highlight": "^1.1.3", "@lezer/lr": "^1.3.0" } }, "sha512-vvYx3MhWqeZtGPwDStM2dwgljd5smolYD2lR2UyFcHfxbBQebqx8yjmFmxtJ/E6nN6u1D9srOiVWm3Rb4tmcUA=="],

    "@lezer/lr": ["@lezer/lr@1.4.8", "", { "dependencies": { "@lezer/common": "^1.0.0" } }, "sha512-bPWa0Pgx69ylNlMlPvBPryqeLYQjyJjqPx+Aupm5zydLIF3NE+6MMLT8Yi23Bd9cif9VS00aUebn+6fDIGBcDA=="],

    "@marijn/find-cluster-break": ["@marijn/find-cluster-break@1.0.2", "", {}, "sha512-l0h88YhZFyKdXIFNfSWpyjStDjGHwZ/U7iobcK1cQQD8sejsONdQtTVU+1wVN1PBw40PiiHB1vA5S7VTfQiP9g=="],

    "@mnemo/chain": ["@mnemo/chain@workspace:packages/chain"],

    "@mnemo/core": ["@mnemo/core@workspace:packages/core"],

    "@mnemo/dvdefi": ["@mnemo/dvdefi@workspace:packages/dvdefi"],

    "@mnemo/harness": ["@mnemo/harness@workspace:packages/harness"],

    "@mnemo/researcher": ["@mnemo/researcher@workspace:packages/researcher"],

    "@mnemo/venice": ["@mnemo/venice@workspace:packages/venice"],

    "@mnemo/verifier": ["@mnemo/verifier@workspace:packages/verifier"],

    "@mnemo/verity": ["@mnemo/verity@workspace:packages/verity"],

    "@mnemo/web": ["@mnemo/web@workspace:packages/web"],

    "@msgpackr-extract/msgpackr-extract-darwin-arm64": ["@msgpackr-extract/msgpackr-extract-darwin-arm64@3.0.3", "", { "os": "darwin", "cpu": "arm64" }, "sha512-QZHtlVgbAdy2zAqNA9Gu1UpIuI8Xvsd1v8ic6B2pZmeFnFcMWiPLfWXh7TVw4eGEZ/C9TH281KwhVoeQUKbyjw=="],

    "@msgpackr-extract/msgpackr-extract-darwin-x64": ["@msgpackr-extract/msgpackr-extract-darwin-x64@3.0.3", "", { "os": "darwin", "cpu": "x64" }, "sha512-mdzd3AVzYKuUmiWOQ8GNhl64/IoFGol569zNRdkLReh6LRLHOXxU4U8eq0JwaD8iFHdVGqSy4IjFL4reoWCDFw=="],

    "@msgpackr-extract/msgpackr-extract-linux-arm": ["@msgpackr-extract/msgpackr-extract-linux-arm@3.0.3", "", { "os": "linux", "cpu": "arm" }, "sha512-fg0uy/dG/nZEXfYilKoRe7yALaNmHoYeIoJuJ7KJ+YyU2bvY8vPv27f7UKhGRpY6euFYqEVhxCFZgAUNQBM3nw=="],

    "@msgpackr-extract/msgpackr-extract-linux-arm64": ["@msgpackr-extract/msgpackr-extract-linux-arm64@3.0.3", "", { "os": "linux", "cpu": "arm64" }, "sha512-YxQL+ax0XqBJDZiKimS2XQaf+2wDGVa1enVRGzEvLLVFeqa5kx2bWbtcSXgsxjQB7nRqqIGFIcLteF/sHeVtQg=="],

    "@msgpackr-extract/msgpackr-extract-linux-x64": ["@msgpackr-extract/msgpackr-extract-linux-x64@3.0.3", "", { "os": "linux", "cpu": "x64" }, "sha512-cvwNfbP07pKUfq1uH+S6KJ7dT9K8WOE4ZiAcsrSes+UY55E/0jLYc+vq+DO7jlmqRb5zAggExKm0H7O/CBaesg=="],

    "@msgpackr-extract/msgpackr-extract-win32-x64": ["@msgpackr-extract/msgpackr-extract-win32-x64@3.0.3", "", { "os": "win32", "cpu": "x64" }, "sha512-x0fWaQtYp4E6sktbsdAqnehxDgEc/VwM7uLsRCYWaiGu0ykYdZPiS8zCWdnjHwyiumousxfBm4SO31eXqwEZhQ=="],

    "@noble/ciphers": ["@noble/ciphers@2.1.1", "", {}, "sha512-bysYuiVfhxNJuldNXlFEitTVdNnYUc+XNJZd7Qm2a5j1vZHgY+fazadNFWFaMK/2vye0JVlxV3gHmC0WDfAOQw=="],

    "@noble/curves": ["@noble/curves@2.0.1", "", { "dependencies": { "@noble/hashes": "2.0.1" } }, "sha512-vs1Az2OOTBiP4q0pwjW5aF0xp9n4MxVrmkFBxc6EKZc6ddYx5gaZiAsZoq0uRRXWbi3AT/sBqn05eRPtn1JCPw=="],

    "@noble/hashes": ["@noble/hashes@2.0.1", "", {}, "sha512-XlOlEbQcE9fmuXxrVTXCTlG2nlRXa9Rj3rr5Ue/+tX+nmkgbX720YHh0VR3hBF9xDvwnb8D2shVGOwNx+ulArw=="],

    "@open-draft/deferred-promise": ["@open-draft/deferred-promise@2.2.0", "", {}, "sha512-CecwLWx3rhxVQF6V4bAgPS5t+So2sTbPgAzafKkVizyi7tlwpcFpdFqq+wqF2OwNBmqFuu6tOyouTuxgpMfzmA=="],

    "@oven/bun-darwin-aarch64": ["@oven/bun-darwin-aarch64@1.3.11", "", { "os": "darwin", "cpu": "arm64" }, "sha512-/8IzqSu4/OWGRs7Fs2ROzGVwJMFTBQkgAp6sAthkBYoN7OiM4rY/CpPVs2X9w9N1W61CHSkEdNKi8HrLZKfK3g=="],

    "@oven/bun-darwin-x64": ["@oven/bun-darwin-x64@1.3.11", "", { "os": "darwin", "cpu": "x64" }, "sha512-TT7eUihnAzxM2tlZesusuC75PAOYKvUBgVU/Nm/lakZ/DpyuqhNkzUfcxSgmmK9IjVWzMmezLIGZl16XGCGJng=="],

    "@oven/bun-darwin-x64-baseline": ["@oven/bun-darwin-x64-baseline@1.3.11", "", { "os": "darwin", "cpu": "x64" }, "sha512-CYjIHWaQG7T4phfjErHr6BiXRs0K/9DqMeiohJmuYSBF+H2m56vFslOenLCguGYQL9jeiiCZBeoVCpwjxZrMgQ=="],

    "@oven/bun-linux-aarch64": ["@oven/bun-linux-aarch64@1.3.11", "", { "os": "linux", "cpu": "arm64" }, "sha512-8XMLyRNxHF4jfLajkWt+F8UDxsWbzysyxQVMZKUXwoeGvaxB0rVd07r3YbgDtG8U6khhRFM3oaGp+CQ0whwmdA=="],

    "@oven/bun-linux-aarch64-musl": ["@oven/bun-linux-aarch64-musl@1.3.11", "", { "os": "linux", "cpu": "arm64" }, "sha512-jBwYCLG5Eb+PqtFrc3Wp2WMYlw1Id75gUcsdP+ApCOpf5oQhHxkFWCjZmcDoioDmEhMWAiM3wtwSrTlPg+sI6Q=="],

    "@oven/bun-linux-x64": ["@oven/bun-linux-x64@1.3.11", "", { "os": "linux", "cpu": "x64" }, "sha512-z3GFCk1UBzDOOiEBHL32lVP7Edi26BhOjKb6bIc0nRyabbRiyON4++GR0zmd/H5zM5S0+UcXFgCGnD+b8avTLw=="],

    "@oven/bun-linux-x64-baseline": ["@oven/bun-linux-x64-baseline@1.3.11", "", { "os": "linux", "cpu": "x64" }, "sha512-KZlf1jKtf4jai8xiQv/0XRjxVVhHnw/HtUKtLdOeQpTOQ1fQFhLoz2FGGtVRd0LVa/yiRbSz9HlWIzWlmJClng=="],

    "@oven/bun-linux-x64-musl": ["@oven/bun-linux-x64-musl@1.3.11", "", { "os": "linux", "cpu": "x64" }, "sha512-ADImD4yCHNpqZu718E2chWcCaAHvua90yhmpzzV6fF4zOhwkGGbPCgUWmKyJ83uz+DXaPdYxX0ttDvtolrzx3Q=="],

    "@oven/bun-linux-x64-musl-baseline": ["@oven/bun-linux-x64-musl-baseline@1.3.11", "", { "os": "linux", "cpu": "x64" }, "sha512-J+qz4Al05PrNIOdj7xsWVTyx0c/gjUauG5nKV3Rrx0Q+5JO+1pPVlnfNmWbOF9pKG4f3IGad8KXJUfGMORld+Q=="],

    "@oven/bun-windows-aarch64": ["@oven/bun-windows-aarch64@1.3.11", "", { "os": "win32", "cpu": "arm64" }, "sha512-UOdkwScHRkGPz+n9ZJU7sTkTvqV7rD1SLCLaru1xH8WRsV7tDorPqNCzEN1msOIiPRK825nvAtEm9UsomO1GsA=="],

    "@oven/bun-windows-x64": ["@oven/bun-windows-x64@1.3.11", "", { "os": "win32", "cpu": "x64" }, "sha512-E51tyWDP1l0CbjZYhiUxhDGPaY8Hf5YBREx0PHBff1LM1/q3qsJ6ZvRUa8YbbOO0Ax9QP6GHjD9vf3n6bXZ7QA=="],

    "@oven/bun-windows-x64-baseline": ["@oven/bun-windows-x64-baseline@1.3.11", "", { "os": "win32", "cpu": "x64" }, "sha512-cCsXK9AQ9Zf18QlVnbrFu2IKfr4sf2sfbErkF2jfCzyCO9Bnhl0KRx63zlN+Ni1xU7gcBLAssgcui5R400N2eA=="],

    "@parcel/watcher": ["@parcel/watcher@2.5.6", "", { "dependencies": { "detect-libc": "^2.0.3", "is-glob": "^4.0.3", "node-addon-api": "^7.0.0", "picomatch": "^4.0.3" }, "optionalDependencies": { "@parcel/watcher-android-arm64": "2.5.6", "@parcel/watcher-darwin-arm64": "2.5.6", "@parcel/watcher-darwin-x64": "2.5.6", "@parcel/watcher-freebsd-x64": "2.5.6", "@parcel/watcher-linux-arm-glibc": "2.5.6", "@parcel/watcher-linux-arm-musl": "2.5.6", "@parcel/watcher-linux-arm64-glibc": "2.5.6", "@parcel/watcher-linux-arm64-musl": "2.5.6", "@parcel/watcher-linux-x64-glibc": "2.5.6", "@parcel/watcher-linux-x64-musl": "2.5.6", "@parcel/watcher-win32-arm64": "2.5.6", "@parcel/watcher-win32-ia32": "2.5.6", "@parcel/watcher-win32-x64": "2.5.6" } }, "sha512-tmmZ3lQxAe/k/+rNnXQRawJ4NjxO2hqiOLTHvWchtGZULp4RyFeh6aU4XdOYBFe2KE1oShQTv4AblOs2iOrNnQ=="],

    "@parcel/watcher-android-arm64": ["@parcel/watcher-android-arm64@2.5.6", "", { "os": "android", "cpu": "arm64" }, "sha512-YQxSS34tPF/6ZG7r/Ih9xy+kP/WwediEUsqmtf0cuCV5TPPKw/PQHRhueUo6JdeFJaqV3pyjm0GdYjZotbRt/A=="],

    "@parcel/watcher-darwin-arm64": ["@parcel/watcher-darwin-arm64@2.5.6", "", { "os": "darwin", "cpu": "arm64" }, "sha512-Z2ZdrnwyXvvvdtRHLmM4knydIdU9adO3D4n/0cVipF3rRiwP+3/sfzpAwA/qKFL6i1ModaabkU7IbpeMBgiVEA=="],

    "@parcel/watcher-darwin-x64": ["@parcel/watcher-darwin-x64@2.5.6", "", { "os": "darwin", "cpu": "x64" }, "sha512-HgvOf3W9dhithcwOWX9uDZyn1lW9R+7tPZ4sug+NGrGIo4Rk1hAXLEbcH1TQSqxts0NYXXlOWqVpvS1SFS4fRg=="],

    "@parcel/watcher-freebsd-x64": ["@parcel/watcher-freebsd-x64@2.5.6", "", { "os": "freebsd", "cpu": "x64" }, "sha512-vJVi8yd/qzJxEKHkeemh7w3YAn6RJCtYlE4HPMoVnCpIXEzSrxErBW5SJBgKLbXU3WdIpkjBTeUNtyBVn8TRng=="],

    "@parcel/watcher-linux-arm-glibc": ["@parcel/watcher-linux-arm-glibc@2.5.6", "", { "os": "linux", "cpu": "arm" }, "sha512-9JiYfB6h6BgV50CCfasfLf/uvOcJskMSwcdH1PHH9rvS1IrNy8zad6IUVPVUfmXr+u+Km9IxcfMLzgdOudz9EQ=="],

    "@parcel/watcher-linux-arm-musl": ["@parcel/watcher-linux-arm-musl@2.5.6", "", { "os": "linux", "cpu": "arm" }, "sha512-Ve3gUCG57nuUUSyjBq/MAM0CzArtuIOxsBdQ+ftz6ho8n7s1i9E1Nmk/xmP323r2YL0SONs1EuwqBp2u1k5fxg=="],

    "@parcel/watcher-linux-arm64-glibc": ["@parcel/watcher-linux-arm64-glibc@2.5.6", "", { "os": "linux", "cpu": "arm64" }, "sha512-f2g/DT3NhGPdBmMWYoxixqYr3v/UXcmLOYy16Bx0TM20Tchduwr4EaCbmxh1321TABqPGDpS8D/ggOTaljijOA=="],

    "@parcel/watcher-linux-arm64-musl": ["@parcel/watcher-linux-arm64-musl@2.5.6", "", { "os": "linux", "cpu": "arm64" }, "sha512-qb6naMDGlbCwdhLj6hgoVKJl2odL34z2sqkC7Z6kzir8b5W65WYDpLB6R06KabvZdgoHI/zxke4b3zR0wAbDTA=="],

    "@parcel/watcher-linux-x64-glibc": ["@parcel/watcher-linux-x64-glibc@2.5.6", "", { "os": "linux", "cpu": "x64" }, "sha512-kbT5wvNQlx7NaGjzPFu8nVIW1rWqV780O7ZtkjuWaPUgpv2NMFpjYERVi0UYj1msZNyCzGlaCWEtzc+exjMGbQ=="],

    "@parcel/watcher-linux-x64-musl": ["@parcel/watcher-linux-x64-musl@2.5.6", "", { "os": "linux", "cpu": "x64" }, "sha512-1JRFeC+h7RdXwldHzTsmdtYR/Ku8SylLgTU/reMuqdVD7CtLwf0VR1FqeprZ0eHQkO0vqsbvFLXUmYm/uNKJBg=="],

    "@parcel/watcher-win32-arm64": ["@parcel/watcher-win32-arm64@2.5.6", "", { "os": "win32", "cpu": "arm64" }, "sha512-3ukyebjc6eGlw9yRt678DxVF7rjXatWiHvTXqphZLvo7aC5NdEgFufVwjFfY51ijYEWpXbqF5jtrK275z52D4Q=="],

    "@parcel/watcher-win32-ia32": ["@parcel/watcher-win32-ia32@2.5.6", "", { "os": "win32", "cpu": "ia32" }, "sha512-k35yLp1ZMwwee3Ez/pxBi5cf4AoBKYXj00CZ80jUz5h8prpiaQsiRPKQMxoLstNuqe2vR4RNPEAEcjEFzhEz/g=="],

    "@parcel/watcher-win32-x64": ["@parcel/watcher-win32-x64@2.5.6", "", { "os": "win32", "cpu": "x64" }, "sha512-hbQlYcCq5dlAX9Qx+kFb0FHue6vbjlf0FrNzSKdYK2APUf7tGfGxQCk2ihEREmbR6ZMc0MVAD5RIX/41gpUzTw=="],

    "@react-hook/intersection-observer": ["@react-hook/intersection-observer@3.1.2", "", { "dependencies": { "@react-hook/passive-layout-effect": "^1.2.0", "intersection-observer": "^0.10.0" }, "peerDependencies": { "react": ">=16.8" } }, "sha512-mWU3BMkmmzyYMSuhO9wu3eJVP21N8TcgYm9bZnTrMwuM818bEk+0NRM3hP+c/TqA9Ln5C7qE53p1H0QMtzYdvQ=="],

    "@react-hook/passive-layout-effect": ["@react-hook/passive-layout-effect@1.2.1", "", { "peerDependencies": { "react": ">=16.8" } }, "sha512-IwEphTD75liO8g+6taS+4oqz+nnroocNfWVHWz7j+N+ZO2vYrc6PV1q7GQhuahL0IOR7JccFTsFKQ/mb6iZWAg=="],

    "@scure/base": ["@scure/base@2.0.0", "", {}, "sha512-3E1kpuZginKkek01ovG8krQ0Z44E3DHPjc5S2rjJw9lZn3KSQOs8S7wqikF/AH7iRanHypj85uGyxk0XAyC37w=="],

    "@scure/bip32": ["@scure/bip32@2.0.1", "", { "dependencies": { "@noble/curves": "2.0.1", "@noble/hashes": "2.0.1", "@scure/base": "2.0.0" } }, "sha512-4Md1NI5BzoVP+bhyJaY3K6yMesEFzNS1sE/cP+9nuvE7p/b0kx9XbpDHHFl8dHtufcbdHRUUQdRqLIPHN/s7yA=="],

    "@scure/bip39": ["@scure/bip39@2.0.1", "", { "dependencies": { "@noble/hashes": "2.0.1", "@scure/base": "2.0.0" } }, "sha512-PsxdFj/d2AcJcZDX1FXN3dDgitDDTmwf78rKZq1a6c1P1Nan1X/Sxc7667zU3U+AN60g7SxxP0YCVw2H/hBycg=="],

    "@shazow/whatsabi": ["@shazow/whatsabi@0.25.0", "", { "dependencies": { "ox": "^0.9.17" }, "peerDependencies": { "@noble/hashes": "^1" } }, "sha512-I2Uv+0ic2J1KEZAiu4+0JXOFE8SyD9SohyNuY/FVCt01oES4qct0QBXC6F7pM6B3Dz0clQxZ3oQBvKxcUULJWw=="],

    "@standard-schema/spec": ["@standard-schema/spec@1.1.0", "", {}, "sha512-l2aFy5jALhniG5HgqrD6jXLi/rUWrKvqN/qJx6yoJsgKhblVd+iqqU4RCXavm/jPityDo5TCvKMnpjKnOriy0w=="],

    "@stitches/core": ["@stitches/core@1.2.8", "", {}, "sha512-Gfkvwk9o9kE9r9XNBmJRfV8zONvXThnm1tcuojL04Uy5uRyqg93DC83lDebl0rocZCfKSjUv+fWYtMQmEDJldg=="],

    "@tanstack/query-core": ["@tanstack/query-core@5.94.5", "", {}, "sha512-Vx1JJiBURW/wdNGP45afjrqn0LfxYwL7K/bSrQvNRtyLGF1bxQPgUXCpzscG29e+UeFOh9hz1KOVala0N+bZiA=="],

    "@tanstack/react-query": ["@tanstack/react-query@5.94.5", "", { "dependencies": { "@tanstack/query-core": "5.94.5" }, "peerDependencies": { "react": "^18 || ^19" } }, "sha512-1wmrxKFkor+q8l+ygdHmv0Sq5g84Q3p4xvuJ7AdSIAhQQ7udOt+ZSZ19g1Jea3mHqtlTslLGJsmC4vHFgP0P3A=="],

    "@tevm/chains": ["@tevm/chains@0.0.1", "", { "peerDependencies": { "typescript": "^5" } }, "sha512-1/+/pasF8CZkLJkBnebmgkBHDEJ5vtpJXQ2S8B7rqM4bLQhbmOWva+J9CiKc56C2Z++Gvy07W7XQpc4dUk1X3A=="],

    "@tevm/voltaire": ["@tevm/voltaire@0.4.0", "", { "dependencies": { "@adraffy/ens-normalize": "^1.11.1", "@codesandbox/sandpack-react": "^2.20.0", "@noble/ciphers": "^2.1.1", "@scure/bip32": "^2.0.1", "@scure/bip39": "^2.0.1", "@shazow/whatsabi": "^0.25.0", "@tevm/chains": "^0.0.1", "modern-monaco": "^0.3.6" }, "optionalDependencies": { "effect": "^3.19.13" }, "peerDependencies": { "abitype": "^1.1.1" }, "optionalPeers": ["abitype"] }, "sha512-JiEXnFXvMTZIXrX3uXxcimBlsiFTFLqOHnkjzjOqegJhrfr716KSZDkhPC/7FOgmH2ITLnahn/aHoZo1onRVsg=="],

    "@types/node": ["@types/node@25.5.0", "", { "dependencies": { "undici-types": "~7.18.0" } }, "sha512-jp2P3tQMSxWugkCUKLRPVUpGaL5MVFwF8RDuSRztfwgN1wmqJeMSbKlnEtQqU8UrhTmzEmZdu2I6v2dpp7XIxw=="],

    "@types/react": ["@types/react@19.2.14", "", { "dependencies": { "csstype": "^3.2.2" } }, "sha512-ilcTH/UniCkMdtexkoCN0bI7pMcJDvmQFPvuPvmEaYA/NSfFTAgdUSLAoVjaRJm7+6PvcM+q1zYOwS4wTYMF9w=="],

    "@types/react-dom": ["@types/react-dom@19.2.3", "", { "peerDependencies": { "@types/react": "^19.2.0" } }, "sha512-jp2L/eY6fn+KgVVQAOqYItbF0VY/YApe5Mz2F0aykSO8gx31bYCZyvSeYxCHKvzHG5eZjc+zyaS5BrBWya2+kQ=="],

    "abitype": ["abitype@1.2.3", "", { "peerDependencies": { "typescript": ">=5.0.4", "zod": "^3.22.0 || ^4.0.0" }, "optionalPeers": ["typescript", "zod"] }, "sha512-Ofer5QUnuUdTFsBRwARMoWKOH1ND5ehwYhJ3OJ/BQO+StkwQjHw0XyVh4vDttzHB7QOFhPHa/o413PJ82gU/Tg=="],

    "anser": ["anser@2.3.5", "", {}, "sha512-vcZjxvvVoxTeR5XBNJB38oTu/7eDCZlwdz32N1eNgpyPF7j/Z7Idf+CUwQOkKKpJ7RJyjxgLHCM7vdIK0iCNMQ=="],

    "base64-js": ["base64-js@1.5.1", "", {}, "sha512-AKpaYlHn8t4SVbOHCy+b5+KKgvR4vrsD8vbvrbiQJps7fKDTkjkDry6ji0rUJjC0kzbNePLwzxq8iypo41qeWA=="],

    "buffer": ["buffer@6.0.3", "", { "dependencies": { "base64-js": "^1.3.1", "ieee754": "^1.2.1" } }, "sha512-FTiCpNxtwiZZHEZbcbTIcZjERVICn9yq/pDFkTl95/AxzD1naBctN7YO68riM/gLSDY7sdrMby8hofADYuuqOA=="],

    "bun": ["bun@1.3.11", "", { "optionalDependencies": { "@oven/bun-darwin-aarch64": "1.3.11", "@oven/bun-darwin-x64": "1.3.11", "@oven/bun-darwin-x64-baseline": "1.3.11", "@oven/bun-linux-aarch64": "1.3.11", "@oven/bun-linux-aarch64-musl": "1.3.11", "@oven/bun-linux-x64": "1.3.11", "@oven/bun-linux-x64-baseline": "1.3.11", "@oven/bun-linux-x64-musl": "1.3.11", "@oven/bun-linux-x64-musl-baseline": "1.3.11", "@oven/bun-windows-aarch64": "1.3.11", "@oven/bun-windows-x64": "1.3.11", "@oven/bun-windows-x64-baseline": "1.3.11" }, "os": [ "linux", "win32", "darwin", ], "cpu": [ "x64", "arm64", ], "bin": { "bun": "bin/bun.exe", "bunx": "bin/bunx.exe" } }, "sha512-AvXWYFO6j/ZQ7bhGm4X6eilq2JHsDVC90ZM32k2B7/srhC2gs3Sdki1QTbwrdRCo8o7eT+167vcB1yzOvPdbjA=="],

    "bun-plugin-tailwind": ["bun-plugin-tailwind@0.1.2", "", { "peerDependencies": { "bun": ">=1.0.0" } }, "sha512-41jNC1tZRSK3s1o7pTNrLuQG8kL/0vR/JgiTmZAJ1eHwe0w5j6HFPKeqEk0WAD13jfrUC7+ULuewFBBCoADPpg=="],

    "bun-types": ["bun-types@1.3.11", "", { "dependencies": { "@types/node": "*" } }, "sha512-1KGPpoxQWl9f6wcZh57LvrPIInQMn2TQ7jsgxqpRzg+l0QPOFvJVH7HmvHo/AiPgwXy+/Thf6Ov3EdVn1vOabg=="],

    "clean-set": ["clean-set@1.1.2", "", {}, "sha512-cA8uCj0qSoG9e0kevyOWXwPaELRPVg5Pxp6WskLMwerx257Zfnh8Nl0JBH59d7wQzij2CK7qEfJQK3RjuKKIug=="],

    "crelt": ["crelt@1.0.6", "", {}, "sha512-VQ2MBenTq1fWZUH9DJNGti7kKv6EeAuYr3cLwxUWhIu1baTaXh4Ib5W2CqHVqib4/MqbYGJqiL3Zb8GJZr3l4g=="],

    "csstype": ["csstype@3.2.3", "", {}, "sha512-z1HGKcYy2xA8AGQfwrn0PAy+PB7X/GSj3UVJW9qKyn43xWa+gl5nXmU4qqLMRzWVLFC8KusUX8T/0kCiOYpAIQ=="],

    "d": ["d@1.0.2", "", { "dependencies": { "es5-ext": "^0.10.64", "type": "^2.7.2" } }, "sha512-MOqHvMWF9/9MX6nza0KgvFH4HpMU0EF5uUDXqX/BtxtU8NfB0QzRtJ8Oe/6SuS4kbhyzVJwjd97EA4PKrzJ8bw=="],

    "dequal": ["dequal@2.0.3", "", {}, "sha512-0je+qPKHEMohvfRTCEo3CrPG6cAzAYgmzKyxRiYSSDkS6eGJdyVJm7WaYA5ECaAD9wLB2T4EEeymA5aFVcYXCA=="],

    "detect-libc": ["detect-libc@2.1.2", "", {}, "sha512-Btj2BOOO83o3WyH59e8MgXsxEQVcarkUOpEYrubB0urwnN10yQ364rsiByU11nZlqWYZm05i/of7io4mzihBtQ=="],

    "dotenv": ["dotenv@16.6.1", "", {}, "sha512-uBq4egWHTcTt33a72vpSG0z3HnPuIl6NqYcTrKEg2azoEyl2hpW0zqlxysq2pK9HlDIHyHyakeYaYnSAwd8bow=="],

    "effect": ["effect@3.21.0", "", { "dependencies": { "@standard-schema/spec": "^1.0.0", "fast-check": "^3.23.1" } }, "sha512-PPN80qRokCd1f015IANNhrwOnLO7GrrMQfk4/lnZRE/8j7UPWrNNjPV0uBrZutI/nHzernbW+J0hdqQysHiSnQ=="],

    "es5-ext": ["es5-ext@0.10.64", "", { "dependencies": { "es6-iterator": "^2.0.3", "es6-symbol": "^3.1.3", "esniff": "^2.0.1", "next-tick": "^1.1.0" } }, "sha512-p2snDhiLaXe6dahss1LddxqEm+SkuDvV8dnIQG0MWjyHpcMNfXKPE+/Cc0y+PhxJX3A4xGNeFCj5oc0BUh6deg=="],

    "es6-iterator": ["es6-iterator@2.0.3", "", { "dependencies": { "d": "1", "es5-ext": "^0.10.35", "es6-symbol": "^3.1.1" } }, "sha512-zw4SRzoUkd+cl+ZoE15A9o1oQd920Bb0iOJMQkQhl3jNc03YqVjAhG7scf9C5KWRU/R13Orf588uCC6525o02g=="],

    "es6-symbol": ["es6-symbol@3.1.4", "", { "dependencies": { "d": "^1.0.2", "ext": "^1.7.0" } }, "sha512-U9bFFjX8tFiATgtkJ1zg25+KviIXpgRvRHS8sau3GfhVzThRQrOeksPeT0BWW2MNZs1OEWJ1DPXOQMn0KKRkvg=="],

    "escape-carriage": ["escape-carriage@1.3.1", "", {}, "sha512-GwBr6yViW3ttx1kb7/Oh+gKQ1/TrhYwxKqVmg5gS+BK+Qe2KrOa/Vh7w3HPBvgGf0LfcDGoY9I6NHKoA5Hozhw=="],

    "esniff": ["esniff@2.0.1", "", { "dependencies": { "d": "^1.0.1", "es5-ext": "^0.10.62", "event-emitter": "^0.3.5", "type": "^2.7.2" } }, "sha512-kTUIGKQ/mDPFoJ0oVfcmyJn4iBDRptjNVIzwIFR7tqWXdVI9xfA2RMwY/gbSpJG3lkdWNEjLap/NqVHZiJsdfg=="],

    "event-emitter": ["event-emitter@0.3.5", "", { "dependencies": { "d": "1", "es5-ext": "~0.10.14" } }, "sha512-D9rRn9y7kLPnJ+hMq7S/nhvoKwwvVJahBi2BPmx3bvbsEdK3W9ii8cBSGjP+72/LnM4n6fo3+dkCX5FeTQruXA=="],

    "eventemitter3": ["eventemitter3@5.0.1", "", {}, "sha512-GWkBvjiSZK87ELrYOSESUYeVIc9mvLLf/nXalMOS5dYrgZq9o5OVkbZAVM06CVxYsCwH9BDZFPlQTlPA1j4ahA=="],

    "ext": ["ext@1.7.0", "", { "dependencies": { "type": "^2.7.2" } }, "sha512-6hxeJYaL110a9b5TEJSj0gojyHQAmA2ch5Os+ySCiA1QGdS697XWY1pzsrSjqA9LDEEgdB/KypIlR59RcLuHYw=="],

    "fast-check": ["fast-check@3.23.2", "", { "dependencies": { "pure-rand": "^6.1.0" } }, "sha512-h5+1OzzfCC3Ef7VbtKdcv7zsstUQwUDlYpUTvjeUsJAssPgLn7QzbboPtL5ro04Mq0rPOsMzl7q5hIbRs2wD1A=="],

    "find-my-way-ts": ["find-my-way-ts@0.1.6", "", {}, "sha512-a85L9ZoXtNAey3Y6Z+eBWW658kO/MwR7zIafkIUPUMf3isZG0NCs2pjW2wtjxAKuJPxMAsHUIP4ZPGv0o5gyTA=="],

    "gpt-tokenizer": ["gpt-tokenizer@2.9.0", "", {}, "sha512-YSpexBL/k4bfliAzMrRqn3M6+it02LutVyhVpDeMKrC/O9+pCe/5s8U2hYKa2vFLD5/vHhsKc8sOn/qGqII8Kg=="],

    "ieee754": ["ieee754@1.2.1", "", {}, "sha512-dcyqhDvX1C46lXZcVqCpK+FtMRQVdIMN6/Df5js2zouUsqG7I6sFxitIC+7KYK29KdXOLHdu9zL4sFnoVQnqaA=="],

    "intersection-observer": ["intersection-observer@0.10.0", "", {}, "sha512-fn4bQ0Xq8FTej09YC/jqKZwtijpvARlRp6wxL5WTA6yPe2YWSJ5RJh7Nm79rK2qB0wr6iDQzH60XGq5V/7u8YQ=="],

    "is-extglob": ["is-extglob@2.1.1", "", {}, "sha512-SbKbANkN603Vi4jEZv49LeVJMn4yGwsbzZworEoyEiutsN3nJYdbO36zfhGJ6QEDpOZIFkDtnq5JRxmvl3jsoQ=="],

    "is-glob": ["is-glob@4.0.3", "", { "dependencies": { "is-extglob": "^2.1.1" } }, "sha512-xelSayHH36ZgE7ZWhli7pW34hNbNl8Ojv5KVmkJD4hBdD3th8Tfk9vYasLM+mXWOZhFkgZfxhLSnrwRr4elSSg=="],

    "kubernetes-types": ["kubernetes-types@1.30.0", "", {}, "sha512-Dew1okvhM/SQcIa2rcgujNndZwU8VnSapDgdxlYoB84ZlpAD43U6KLAFqYo17ykSFGHNPrg0qry0bP+GJd9v7Q=="],

    "lz-string": ["lz-string@1.5.0", "", { "bin": { "lz-string": "bin/bin.js" } }, "sha512-h5bgJWpxJNswbU7qCrV0tIKQCaS3blPDrqKWx+QxzuzL1zGUzij9XCWLrSLsJPu5t+eWA/ycetzYAO5IOMcWAQ=="],

    "mime": ["mime@3.0.0", "", { "bin": { "mime": "cli.js" } }, "sha512-jSCU7/VB1loIWBZe14aEYHU/+1UMEHoaO7qxCOVJOw9GgH72VAWppxNcjU+x9a2k3GSIBXNKxXQFqRvvZ7vr3A=="],

    "mime-db": ["mime-db@1.54.0", "", {}, "sha512-aU5EJuIN2WDemCcAp2vFBfp/m4EAhWJnUNSSw0ixs7/kXbd6Pg64EmwJkNdFhB8aWt1sH2CTXrLxo/iAGV3oPQ=="],

    "modern-monaco": ["modern-monaco@0.3.8", "", { "peerDependencies": { "typescript": ">= 5.0.0" } }, "sha512-vQ6tlYorvHJs9FzlOBOqErDyJ3D1sAkm9EcOUUASvpqpUaAsj71vh8kH5WruC+jNQAD2BlTsyw04m0Eo0+RpqA=="],

    "msgpackr": ["msgpackr@1.11.9", "", { "optionalDependencies": { "msgpackr-extract": "^3.0.2" } }, "sha512-FkoAAyyA6HM8wL882EcEyFZ9s7hVADSwG9xrVx3dxxNQAtgADTrJoEWivID82Iv1zWDsv/OtbrrcZAzGzOMdNw=="],

    "msgpackr-extract": ["msgpackr-extract@3.0.3", "", { "dependencies": { "node-gyp-build-optional-packages": "5.2.2" }, "optionalDependencies": { "@msgpackr-extract/msgpackr-extract-darwin-arm64": "3.0.3", "@msgpackr-extract/msgpackr-extract-darwin-x64": "3.0.3", "@msgpackr-extract/msgpackr-extract-linux-arm": "3.0.3", "@msgpackr-extract/msgpackr-extract-linux-arm64": "3.0.3", "@msgpackr-extract/msgpackr-extract-linux-x64": "3.0.3", "@msgpackr-extract/msgpackr-extract-win32-x64": "3.0.3" }, "bin": { "download-msgpackr-prebuilds": "bin/download-prebuilds.js" } }, "sha512-P0efT1C9jIdVRefqjzOQ9Xml57zpOXnIuS+csaB4MdZbTdmGDLo8XhzBG1N7aO11gKDDkJvBLULeFTo46wwreA=="],

    "multipasta": ["multipasta@0.2.7", "", {}, "sha512-KPA58d68KgGil15oDqXjkUBEBYc00XvbPj5/X+dyzeo/lWm9Nc25pQRlf1D+gv4OpK7NM0J1odrbu9JNNGvynA=="],

    "next-tick": ["next-tick@1.1.0", "", {}, "sha512-CXdUiJembsNjuToQvxayPZF9Vqht7hewsvy2sOWafLvi2awflj9mOC6bHIg50orX8IJvWKY9wYQ/zB2kogPslQ=="],

    "node-addon-api": ["node-addon-api@7.1.1", "", {}, "sha512-5m3bsyrjFWE1xf7nz7YXdN4udnVtXK6/Yfgn5qnahL6bCkf2yKt4k3nuTKAtT4r3IG8JNR2ncsIMdZuAzJjHQQ=="],

    "node-gyp-build-optional-packages": ["node-gyp-build-optional-packages@5.2.2", "", { "dependencies": { "detect-libc": "^2.0.1" }, "bin": { "node-gyp-build-optional-packages": "bin.js", "node-gyp-build-optional-packages-optional": "optional.js", "node-gyp-build-optional-packages-test": "build-test.js" } }, "sha512-s+w+rBWnpTMwSFbaE0UXsRlg7hU4FjekKU4eyAih5T8nJuNZT1nNsskXpxmeqSK9UzkBl6UgRlnKc8hz8IEqOw=="],

    "outvariant": ["outvariant@1.4.0", "", {}, "sha512-AlWY719RF02ujitly7Kk/0QlV+pXGFDHrHf9O2OKqyqgBieaPOIeuSkL8sRK6j2WK+/ZAURq2kZsY0d8JapUiw=="],

    "ox": ["ox@0.9.17", "", { "dependencies": { "@adraffy/ens-normalize": "^1.11.0", "@noble/ciphers": "^1.3.0", "@noble/curves": "1.9.1", "@noble/hashes": "^1.8.0", "@scure/bip32": "^1.7.0", "@scure/bip39": "^1.6.0", "abitype": "^1.0.9", "eventemitter3": "5.0.1" }, "peerDependencies": { "typescript": ">=5.4.0" }, "optionalPeers": ["typescript"] }, "sha512-rKAnhzhRU3Xh3hiko+i1ZxywZ55eWQzeS/Q4HRKLx2PqfHOolisZHErSsJVipGlmQKHW5qwOED/GighEw9dbLg=="],

    "picomatch": ["picomatch@4.0.3", "", {}, "sha512-5gTmgEY/sqK6gFXLIsQNH19lWb4ebPDLA4SdLP7dsWkIXHWlG66oPuVvXSGFPppYZz8ZDZq0dYYrbHfBCVUb1Q=="],

    "pure-rand": ["pure-rand@6.1.0", "", {}, "sha512-bVWawvoZoBYpp6yIoQtQXHZjmz35RSVHnUOTefl8Vcjr8snTPY1wnpSPMWekcFwbxI6gtmT7rSYPFvz71ldiOA=="],

    "react": ["react@19.2.4", "", {}, "sha512-9nfp2hYpCwOjAN+8TZFGhtWEwgvWHXqESH8qT89AT/lWklpLON22Lc8pEtnpsZz7VmawabSU0gCjnj8aC0euHQ=="],

    "react-devtools-inline": ["react-devtools-inline@4.4.0", "", { "dependencies": { "es6-symbol": "^3" } }, "sha512-ES0GolSrKO8wsKbsEkVeiR/ZAaHQTY4zDh1UW8DImVmm8oaGLl3ijJDvSGe+qDRKPZdPRnDtWWnSvvrgxXdThQ=="],

    "react-dom": ["react-dom@19.2.4", "", { "dependencies": { "scheduler": "^0.27.0" }, "peerDependencies": { "react": "^19.2.4" } }, "sha512-AXJdLo8kgMbimY95O2aKQqsz2iWi9jMgKJhRBAxECE4IFxfcazB2LmzloIoibJI3C12IlY20+KFaLv+71bUJeQ=="],

    "react-is": ["react-is@17.0.2", "", {}, "sha512-w2GsyukL62IJnlaff/nRegPQR94C/XXamvMWmSHRJ4y7Ts/4ocGRmTHvOs8PSE6pB3dWOrD/nueuU5sduBsQ4w=="],

    "scheduler": ["scheduler@0.27.0", "", {}, "sha512-eNv+WrVbKu1f3vbYJT/xtiF5syA5HPIMtf9IgY/nKg0sWqzAUEvqY/xm7OcZc/qafLx/iO9FgOmeSAp4v5ti/Q=="],

    "static-browser-server": ["static-browser-server@1.0.3", "", { "dependencies": { "@open-draft/deferred-promise": "^2.1.0", "dotenv": "^16.0.3", "mime-db": "^1.52.0", "outvariant": "^1.3.0" } }, "sha512-ZUyfgGDdFRbZGGJQ1YhiM930Yczz5VlbJObrQLlk24+qNHVQx4OlLcYswEUo3bIyNAbQUIUR9Yr5/Hqjzqb4zA=="],

    "strict-event-emitter": ["strict-event-emitter@0.4.6", "", {}, "sha512-12KWeb+wixJohmnwNFerbyiBrAlq5qJLwIt38etRtKtmmHyDSoGlIqFE9wx+4IwG0aDjI7GV8tc8ZccjWZZtTg=="],

    "style-mod": ["style-mod@4.1.3", "", {}, "sha512-i/n8VsZydrugj3Iuzll8+x/00GH2vnYsk1eomD8QiRrSAeW6ItbCQDtfXCeJHd0iwiNagqjQkvpvREEPtW3IoQ=="],

    "tailwindcss": ["tailwindcss@4.2.2", "", {}, "sha512-KWBIxs1Xb6NoLdMVqhbhgwZf2PGBpPEiwOqgI4pFIYbNTfBXiKYyWoTsXgBQ9WFg/OlhnvHaY+AEpW7wSmFo2Q=="],

    "type": ["type@2.7.3", "", {}, "sha512-8j+1QmAbPvLZow5Qpi6NCaN8FB60p/6x8/vfNqOk/hC+HuvFZhL4+WfekuhQLiqFZXOgQdrs3B+XxEmCc6b3FQ=="],

    "typescript": ["typescript@5.9.3", "", { "bin": { "tsc": "bin/tsc", "tsserver": "bin/tsserver" } }, "sha512-jl1vZzPDinLr9eUt3J/t7V6FgNEw9QjvBPdysz9KfQDD41fQrC2Y4vKQdiaUpFT4bXlb1RHhLpp8wtm6M5TgSw=="],

    "undici": ["undici@7.24.5", "", {}, "sha512-3IWdCpjgxp15CbJnsi/Y9TCDE7HWVN19j1hmzVhoAkY/+CJx449tVxT5wZc1Gwg8J+P0LWvzlBzxYRnHJ+1i7Q=="],

    "undici-types": ["undici-types@7.18.2", "", {}, "sha512-AsuCzffGHJybSaRrmr5eHr81mwJU3kjw6M+uprWvCXiNeN9SOGwQ3Jn8jb8m3Z6izVgknn1R0FTCEAP2QrLY/w=="],

    "uuid": ["uuid@11.1.0", "", { "bin": { "uuid": "dist/esm/bin/uuid" } }, "sha512-0/A9rDy9P7cJ+8w1c9WD9V//9Wj15Ce2MPz8Ri6032usz+NfePxx5AcN3bN+r6ZL6jEo066/yNYB3tn4pQEx+A=="],

    "voltaire-effect": ["voltaire-effect@1.0.1", "", { "dependencies": { "@shazow/whatsabi": "^0.25.0" }, "optionalDependencies": { "@effect/platform-browser": "^0.74.0", "@effect/platform-bun": "^0.87.0", "@effect/platform-node": "^0.104.0" }, "peerDependencies": { "@effect/platform": "^0.94.0", "@tevm/voltaire": "0.4.0", "effect": "^3.19.0" } }, "sha512-pE6koHv7iR4g4RC1j2VF3EmakH7p/0AREl1TpF1n3mvphS+XddZgR3gy8jlLt/uDqXkgSce7XTZEwKSU2S8cXg=="],

    "w3c-keyname": ["w3c-keyname@2.2.8", "", {}, "sha512-dpojBhNsCNN7T82Tm7k26A6G9ML3NkhDsnw9n/eoxSRlVBB4CEtIQ/KTCLI2Fwf3ataSXRhYFkQi3SlnFwPvPQ=="],

    "ws": ["ws@8.20.0", "", { "peerDependencies": { "bufferutil": "^4.0.1", "utf-8-validate": ">=5.0.2" }, "optionalPeers": ["bufferutil", "utf-8-validate"] }, "sha512-sAt8BhgNbzCtgGbt2OxmpuryO63ZoDk/sqaB/znQm94T4fCEsy/yV+7CdC1kJhOU9lboAEU7R3kquuycDoibVA=="],

    "@effect/platform-node/@effect/platform-node-shared": ["@effect/platform-node-shared@0.57.1", "", { "dependencies": { "@parcel/watcher": "^2.5.1", "multipasta": "^0.2.7", "ws": "^8.18.2" }, "peerDependencies": { "@effect/cluster": "^0.56.1", "@effect/platform": "^0.94.2", "@effect/rpc": "^0.73.0", "@effect/sql": "^0.49.0", "effect": "^3.19.15" } }, "sha512-oX/bApMdoKsyrDiNdJxo7U9Rz1RXsjRv+ecfAPp1qGlSdGIo32wVRvJ2XCHqYj0sqaYJS0pU0/GCulRfVGuJag=="],

    "@shazow/whatsabi/@noble/hashes": ["@noble/hashes@1.8.0", "", {}, "sha512-jCs9ldd7NwzpgXDIf6P3+NrHh9/sD6CQdxHyjQI+h/6rDNo88ypBxxz45UDuZHz9r3tNz7N/VInSVoVdtXEI4A=="],

    "ox/@noble/ciphers": ["@noble/ciphers@1.3.0", "", {}, "sha512-2I0gnIVPtfnMw9ee9h1dJG7tp81+8Ob3OJb3Mv37rx5L40/b0i7djjCVvGOVqc9AEIQyvyu1i6ypKdFw8R8gQw=="],

    "ox/@noble/curves": ["@noble/curves@1.9.1", "", { "dependencies": { "@noble/hashes": "1.8.0" } }, "sha512-k11yZxZg+t+gWvBbIswW0yoJlu8cHOC7dhunwOzoWH/mXGBiYyR4YY6hAEK/3EUs4UpB8la1RfdRpeGsFHkWsA=="],

    "ox/@noble/hashes": ["@noble/hashes@1.8.0", "", {}, "sha512-jCs9ldd7NwzpgXDIf6P3+NrHh9/sD6CQdxHyjQI+h/6rDNo88ypBxxz45UDuZHz9r3tNz7N/VInSVoVdtXEI4A=="],

    "ox/@scure/bip32": ["@scure/bip32@1.7.0", "", { "dependencies": { "@noble/curves": "~1.9.0", "@noble/hashes": "~1.8.0", "@scure/base": "~1.2.5" } }, "sha512-E4FFX/N3f4B80AKWp5dP6ow+flD1LQZo/w8UnLGYZO674jS6YnYeepycOOksv+vLPSpgN35wgKgy+ybfTb2SMw=="],

    "ox/@scure/bip39": ["@scure/bip39@1.6.0", "", { "dependencies": { "@noble/hashes": "~1.8.0", "@scure/base": "~1.2.5" } }, "sha512-+lF0BbLiJNwVlev4eKelw1WWLaiKXw7sSl8T6FvBlWkdX+94aGJ4o8XjUdlyhTCjd8c+B3KT3JfS8P0bLRNU6A=="],

    "voltaire-effect/@effect/platform-bun": ["@effect/platform-bun@0.87.1", "", { "dependencies": { "@effect/platform-node-shared": "^0.57.1", "multipasta": "^0.2.7" }, "peerDependencies": { "@effect/cluster": "^0.56.1", "@effect/platform": "^0.94.2", "@effect/rpc": "^0.73.0", "@effect/sql": "^0.49.0", "effect": "^3.19.15" } }, "sha512-I88d0YqWbvLY2GGeIxK3r5k0l/MoUCCnxiHJG+X6gqaHu+pIs0djDtJ+ORhw/3qha9ojcVu6pyaBmnUjgzQHWQ=="],

    "ox/@scure/bip32/@scure/base": ["@scure/base@1.2.6", "", {}, "sha512-g/nm5FgUa//MCj1gV09zTJTaM6KBAHqLN907YVQqf7zC49+DcO4B1so4ZX07Ef10Twr6nuqYEH9GEggFXA4Fmg=="],

    "ox/@scure/bip39/@scure/base": ["@scure/base@1.2.6", "", {}, "sha512-g/nm5FgUa//MCj1gV09zTJTaM6KBAHqLN907YVQqf7zC49+DcO4B1so4ZX07Ef10Twr6nuqYEH9GEggFXA4Fmg=="],

    "voltaire-effect/@effect/platform-bun/@effect/platform-node-shared": ["@effect/platform-node-shared@0.57.1", "", { "dependencies": { "@parcel/watcher": "^2.5.1", "multipasta": "^0.2.7", "ws": "^8.18.2" }, "peerDependencies": { "@effect/cluster": "^0.56.1", "@effect/platform": "^0.94.2", "@effect/rpc": "^0.73.0", "@effect/sql": "^0.49.0", "effect": "^3.19.15" } }, "sha512-oX/bApMdoKsyrDiNdJxo7U9Rz1RXsjRv+ecfAPp1qGlSdGIo32wVRvJ2XCHqYj0sqaYJS0pU0/GCulRfVGuJag=="],
  }
}
